
Microsoft Visual Studio Solution File, Format Version 12.00
# Visual Studio 15
VisualStudioVersion = 15.0.27428.2015
MinimumVisualStudioVersion = 10.0.40219.1
Project("{FAE04EC0-301F-11D3-BF4B-00C04F79EFBC}") = "DeploymentPackage", "DeploymentPackage\DeploymentPackage.csproj", "{170C0103-3F94-4896-9062-6314167F596A}"
EndProject
Project("{E24C65DC-7377-472B-9ABA-BC803B73C61A}") = "PowerBI", "PowerBI\", "{FDC22811-0653-40F6-A244-217E60BF98AA}"
	ProjectSection(WebsiteProperties) = preProject
		TargetFrameworkMoniker = ".NETFramework,Version%3Dv4.0"
		Debug.AspNetCompiler.VirtualPath = "/localhost_59326"
		Debug.AspNetCompiler.PhysicalPath = "PowerBI\"
		Debug.AspNetCompiler.TargetPath = "PrecompiledWeb\localhost_59326\"
		Debug.AspNetCompiler.Updateable = "true"
		Debug.AspNetCompiler.ForceOverwrite = "true"
		Debug.AspNetCompiler.FixedNames = "false"
		Debug.AspNetCompiler.Debug = "True"
		Release.AspNetCompiler.VirtualPath = "/localhost_59326"
		Release.AspNetCompiler.PhysicalPath = "PowerBI\"
		Release.AspNetCompiler.TargetPath = "PrecompiledWeb\localhost_59326\"
		Release.AspNetCompiler.Updateable = "true"
		Release.AspNetCompiler.ForceOverwrite = "true"
		Release.AspNetCompiler.FixedNames = "false"
		Release.AspNetCompiler.Debug = "False"
		VWDPort = "59326"
		SlnRelativePath = "PowerBI\"
	EndProjectSection
EndProject
Project("{E24C65DC-7377-472B-9ABA-BC803B73C61A}") = "SolutionPackage", "SolutionPackage\", "{EAF18DB5-7912-4BAA-AC07-3E9760AAC4DE}"
	ProjectSection(WebsiteProperties) = preProject
		TargetFrameworkMoniker = ".NETFramework,Version%3Dv4.0"
		Debug.AspNetCompiler.VirtualPath = "/localhost_59335"
		Debug.AspNetCompiler.PhysicalPath = "SolutionPackage\"
		Debug.AspNetCompiler.TargetPath = "PrecompiledWeb\localhost_59335\"
		Debug.AspNetCompiler.Updateable = "true"
		Debug.AspNetCompiler.ForceOverwrite = "true"
		Debug.AspNetCompiler.FixedNames = "false"
		Debug.AspNetCompiler.Debug = "True"
		Release.AspNetCompiler.VirtualPath = "/localhost_59335"
		Release.AspNetCompiler.PhysicalPath = "SolutionPackage\"
		Release.AspNetCompiler.TargetPath = "PrecompiledWeb\localhost_59335\"
		Release.AspNetCompiler.Updateable = "true"
		Release.AspNetCompiler.ForceOverwrite = "true"
		Release.AspNetCompiler.FixedNames = "false"
		Release.AspNetCompiler.Debug = "False"
		VWDPort = "59335"
		SlnRelativePath = "SolutionPackage\"
	EndProjectSection
EndProject
Project("{E24C65DC-7377-472B-9ABA-BC803B73C61A}") = "vsts", "vsts\", "{9B117F8A-F90D-470C-A7AB-64F88ED38A13}"
	ProjectSection(WebsiteProperties) = preProject
		TargetFrameworkMoniker = ".NETFramework,Version%3Dv4.0"
		Debug.AspNetCompiler.VirtualPath = "/localhost_53160"
		Debug.AspNetCompiler.PhysicalPath = "vsts\"
		Debug.AspNetCompiler.TargetPath = "PrecompiledWeb\localhost_53160\"
		Debug.AspNetCompiler.Updateable = "true"
		Debug.AspNetCompiler.ForceOverwrite = "true"
		Debug.AspNetCompiler.FixedNames = "false"
		Debug.AspNetCompiler.Debug = "True"
		Release.AspNetCompiler.VirtualPath = "/localhost_53160"
		Release.AspNetCompiler.PhysicalPath = "vsts\"
		Release.AspNetCompiler.TargetPath = "PrecompiledWeb\localhost_53160\"
		Release.AspNetCompiler.Updateable = "true"
		Release.AspNetCompiler.ForceOverwrite = "true"
		Release.AspNetCompiler.FixedNames = "false"
		Release.AspNetCompiler.Debug = "False"
		VWDPort = "53160"
		SlnRelativePath = "vsts\"
	EndProjectSection
EndProject
Global
	GlobalSection(SolutionConfigurationPlatforms) = preSolution
		Debug|Any CPU = Debug|Any CPU
		Release|Any CPU = Release|Any CPU
	EndGlobalSection
	GlobalSection(ProjectConfigurationPlatforms) = postSolution
		{170C0103-3F94-4896-9062-6314167F596A}.Debug|Any CPU.ActiveCfg = Debug|Any CPU
		{170C0103-3F94-4896-9062-6314167F596A}.Debug|Any CPU.Build.0 = Debug|Any CPU
		{170C0103-3F94-4896-9062-6314167F596A}.Release|Any CPU.ActiveCfg = Release|Any CPU
		{170C0103-3F94-4896-9062-6314167F596A}.Release|Any CPU.Build.0 = Release|Any CPU
		{FDC22811-0653-40F6-A244-217E60BF98AA}.Debug|Any CPU.ActiveCfg = Debug|Any CPU
		{FDC22811-0653-40F6-A244-217E60BF98AA}.Debug|Any CPU.Build.0 = Debug|Any CPU
		{FDC22811-0653-40F6-A244-217E60BF98AA}.Release|Any CPU.ActiveCfg = Debug|Any CPU
		{FDC22811-0653-40F6-A244-217E60BF98AA}.Release|Any CPU.Build.0 = Debug|Any CPU
		{EAF18DB5-7912-4BAA-AC07-3E9760AAC4DE}.Debug|Any CPU.ActiveCfg = Debug|Any CPU
		{EAF18DB5-7912-4BAA-AC07-3E9760AAC4DE}.Debug|Any CPU.Build.0 = Debug|Any CPU
		{EAF18DB5-7912-4BAA-AC07-3E9760AAC4DE}.Release|Any CPU.ActiveCfg = Debug|Any CPU
		{EAF18DB5-7912-4BAA-AC07-3E9760AAC4DE}.Release|Any CPU.Build.0 = Debug|Any CPU
		{9B117F8A-F90D-470C-A7AB-64F88ED38A13}.Debug|Any CPU.ActiveCfg = Debug|Any CPU
		{9B117F8A-F90D-470C-A7AB-64F88ED38A13}.Debug|Any CPU.Build.0 = Debug|Any CPU
		{9B117F8A-F90D-470C-A7AB-64F88ED38A13}.Release|Any CPU.ActiveCfg = Debug|Any CPU
		{9B117F8A-F90D-470C-A7AB-64F88ED38A13}.Release|Any CPU.Build.0 = Debug|Any CPU
	EndGlobalSection
	GlobalSection(SolutionProperties) = preSolution
		HideSolutionNode = FALSE
	EndGlobalSection
	GlobalSection(ExtensibilityGlobals) = postSolution
		SolutionGuid = {392666BB-1B69-49F0-BC51-8D7A7E32B742}
	EndGlobalSection
EndGlobal
